
Microsoft Visual Studio Solution File, Format Version 12.00
# Visual Studio 2017
Project("{FAE04EC0-301F-11D3-BF4B-00C04F79EFBC}") = "SeniorProject___Git", "SeniorProject___Git.csproj", "{BFE71E90-2336-E20D-F8C0-1433DAE1C475}"
EndProject
Project("{FAE04EC0-301F-11D3-BF4B-00C04F79EFBC}") = "SeniorProject___Git.Editor", "SeniorProject___Git.Editor.csproj", "{88813B6D-25B2-253C-47E9-FDCFE69E18E6}"
EndProject
Global
	GlobalSection(SolutionConfigurationPlatforms) = preSolution
		Debug|Any CPU = Debug|Any CPU
		Release|Any CPU = Release|Any CPU
	EndGlobalSection
	GlobalSection(ProjectConfigurationPlatforms) = postSolution
		{BFE71E90-2336-E20D-F8C0-1433DAE1C475}.Debug|Any CPU.ActiveCfg = Debug|Any CPU
		{BFE71E90-2336-E20D-F8C0-1433DAE1C475}.Debug|Any CPU.Build.0 = Debug|Any CPU
		{BFE71E90-2336-E20D-F8C0-1433DAE1C475}.Release|Any CPU.ActiveCfg = Release|Any CPU
		{BFE71E90-2336-E20D-F8C0-1433DAE1C475}.Release|Any CPU.Build.0 = Release|Any CPU
		{88813B6D-25B2-253C-47E9-FDCFE69E18E6}.Debug|Any CPU.ActiveCfg = Debug|Any CPU
		{88813B6D-25B2-253C-47E9-FDCFE69E18E6}.Debug|Any CPU.Build.0 = Debug|Any CPU
		{88813B6D-25B2-253C-47E9-FDCFE69E18E6}.Release|Any CPU.ActiveCfg = Release|Any CPU
		{88813B6D-25B2-253C-47E9-FDCFE69E18E6}.Release|Any CPU.Build.0 = Release|Any CPU
	EndGlobalSection
	GlobalSection(SolutionProperties) = preSolution
		HideSolutionNode = FALSE
	EndGlobalSection
EndGlobal
